
Microsoft Visual Studio Solution File, Format Version 12.00
# Visual Studio Version 17
VisualStudioVersion = 17.7.34024.191
MinimumVisualStudioVersion = 10.0.40219.1
Project("{FAE04EC0-301F-11D3-BF4B-00C04F79EFBC}") = "Hänga gubbe slutarbete projekt", "Hänga gubbe slutarbete projekt\Hänga gubbe slutarbete projekt.csproj", "{1B47A596-92C9-488B-817D-6A67FD86546E}"
EndProject
Global
	GlobalSection(SolutionConfigurationPlatforms) = preSolution
		Debug|Any CPU = Debug|Any CPU
		Release|Any CPU = Release|Any CPU
	EndGlobalSection
	GlobalSection(ProjectConfigurationPlatforms) = postSolution
		{1B47A596-92C9-488B-817D-6A67FD86546E}.Debug|Any CPU.ActiveCfg = Debug|Any CPU
		{1B47A596-92C9-488B-817D-6A67FD86546E}.Debug|Any CPU.Build.0 = Debug|Any CPU
		{1B47A596-92C9-488B-817D-6A67FD86546E}.Release|Any CPU.ActiveCfg = Release|Any CPU
		{1B47A596-92C9-488B-817D-6A67FD86546E}.Release|Any CPU.Build.0 = Release|Any CPU
	EndGlobalSection
	GlobalSection(SolutionProperties) = preSolution
		HideSolutionNode = FALSE
	EndGlobalSection
	GlobalSection(ExtensibilityGlobals) = postSolution
		SolutionGuid = {ABD4AD52-A015-4CC4-8B0C-D48783817EA1}
	EndGlobalSection
EndGlobal
